PODS:
  - FlutterMacOS (1.0.0)
  - mvp_flutter (0.0.1):
    - FlutterMacOS

DEPENDENCIES:
  - FlutterMacOS (from `Flutter/ephemeral`)
  - mvp_flutter (from `Flutter/ephemeral/.symlinks/plugins/mvp_flutter/macos`)

EXTERNAL SOURCES:
  FlutterMacOS:
    :path: Flutter/ephemeral
  mvp_flutter:
    :path: Flutter/ephemeral/.symlinks/plugins/mvp_flutter/macos

SPEC CHECKSUMS:
  FlutterMacOS: 57701585bf7de1b3fc2bb61f6378d73bbdea8424
  mvp_flutter: a990c1749278a3e6512a85d10a6b06c17d94cf49

PODFILE CHECKSUM: 6eac6b3292e5142cfc23bdeb71848a40ec51c14c

COCOAPODS: 1.10.2
